
Microsoft Visual Studio Solution File, Format Version 12.00
# Visual Studio Version 17
VisualStudioVersion = 17.9.34728.123
MinimumVisualStudioVersion = 10.0.40219.1
Project("{9A19103F-16F7-4668-BE54-9A1E7A4F7556}") = "AzureStorageLibrary", "AzureStorageLibrary\AzureStorageLibrary.csproj", "{AB7F0D02-C80C-4D43-93D7-E7F8A6A82D8A}"
EndProject
Project("{9A19103F-16F7-4668-BE54-9A1E7A4F7556}") = "MvcWebApp", "MvcWebApp\MvcWebApp.csproj", "{DCCEA3B1-7AC8-41E5-8578-7C944B3540CB}"
EndProject
Project("{9A19103F-16F7-4668-BE54-9A1E7A4F7556}") = "QueueConsoleApp", "QueueConsoleApp\QueueConsoleApp.csproj", "{1E8F8328-375A-46E6-AEF0-936A21CE5E68}"
EndProject
Project("{FAE04EC0-301F-11D3-BF4B-00C04F79EFBC}") = "WatermarkProcessFunction", "WatermarkProcessFunction\WatermarkProcessFunction.csproj", "{4B5FB35F-7D92-447F-99C5-AF55D2DD2165}"
EndProject
Global
	GlobalSection(SolutionConfigurationPlatforms) = preSolution
		Debug|Any CPU = Debug|Any CPU
		Release|Any CPU = Release|Any CPU
	EndGlobalSection
	GlobalSection(ProjectConfigurationPlatforms) = postSolution
		{AB7F0D02-C80C-4D43-93D7-E7F8A6A82D8A}.Debug|Any CPU.ActiveCfg = Debug|Any CPU
		{AB7F0D02-C80C-4D43-93D7-E7F8A6A82D8A}.Debug|Any CPU.Build.0 = Debug|Any CPU
		{AB7F0D02-C80C-4D43-93D7-E7F8A6A82D8A}.Release|Any CPU.ActiveCfg = Release|Any CPU
		{AB7F0D02-C80C-4D43-93D7-E7F8A6A82D8A}.Release|Any CPU.Build.0 = Release|Any CPU
		{DCCEA3B1-7AC8-41E5-8578-7C944B3540CB}.Debug|Any CPU.ActiveCfg = Debug|Any CPU
		{DCCEA3B1-7AC8-41E5-8578-7C944B3540CB}.Debug|Any CPU.Build.0 = Debug|Any CPU
		{DCCEA3B1-7AC8-41E5-8578-7C944B3540CB}.Release|Any CPU.ActiveCfg = Release|Any CPU
		{DCCEA3B1-7AC8-41E5-8578-7C944B3540CB}.Release|Any CPU.Build.0 = Release|Any CPU
		{1E8F8328-375A-46E6-AEF0-936A21CE5E68}.Debug|Any CPU.ActiveCfg = Debug|Any CPU
		{1E8F8328-375A-46E6-AEF0-936A21CE5E68}.Debug|Any CPU.Build.0 = Debug|Any CPU
		{1E8F8328-375A-46E6-AEF0-936A21CE5E68}.Release|Any CPU.ActiveCfg = Release|Any CPU
		{1E8F8328-375A-46E6-AEF0-936A21CE5E68}.Release|Any CPU.Build.0 = Release|Any CPU
		{4B5FB35F-7D92-447F-99C5-AF55D2DD2165}.Debug|Any CPU.ActiveCfg = Debug|Any CPU
		{4B5FB35F-7D92-447F-99C5-AF55D2DD2165}.Debug|Any CPU.Build.0 = Debug|Any CPU
		{4B5FB35F-7D92-447F-99C5-AF55D2DD2165}.Release|Any CPU.ActiveCfg = Release|Any CPU
		{4B5FB35F-7D92-447F-99C5-AF55D2DD2165}.Release|Any CPU.Build.0 = Release|Any CPU
	EndGlobalSection
	GlobalSection(SolutionProperties) = preSolution
		HideSolutionNode = FALSE
	EndGlobalSection
	GlobalSection(ExtensibilityGlobals) = postSolution
		SolutionGuid = {B64EAAD0-4CC5-4073-B0ED-09BB8F2B4F02}
	EndGlobalSection
EndGlobal
